
Microsoft Visual Studio Solution File, Format Version 12.00
# Visual Studio Version 17
VisualStudioVersion = 17.14.36616.10 d17.14
MinimumVisualStudioVersion = 10.0.40219.1
Project("{FAE04EC0-301F-11D3-BF4B-00C04F79EFBC}") = "n2", "n2\n2.csproj", "{B2CD4F1B-4C14-444E-91D0-A8BBA50298C9}"
EndProject
Global
	GlobalSection(SolutionConfigurationPlatforms) = preSolution
		Debug|Any CPU = Debug|Any CPU
		Release|Any CPU = Release|Any CPU
	EndGlobalSection
	GlobalSection(ProjectConfigurationPlatforms) = postSolution
		{B2CD4F1B-4C14-444E-91D0-A8BBA50298C9}.Debug|Any CPU.ActiveCfg = Debug|Any CPU
		{B2CD4F1B-4C14-444E-91D0-A8BBA50298C9}.Debug|Any CPU.Build.0 = Debug|Any CPU
		{B2CD4F1B-4C14-444E-91D0-A8BBA50298C9}.Release|Any CPU.ActiveCfg = Release|Any CPU
		{B2CD4F1B-4C14-444E-91D0-A8BBA50298C9}.Release|Any CPU.Build.0 = Release|Any CPU
	EndGlobalSection
	GlobalSection(SolutionProperties) = preSolution
		HideSolutionNode = FALSE
	EndGlobalSection
	GlobalSection(ExtensibilityGlobals) = postSolution
		SolutionGuid = {927387F2-0545-4066-B354-AFA247FF6A7D}
	EndGlobalSection
EndGlobal
