
Microsoft Visual Studio Solution File, Format Version 12.00
# Visual Studio Version 17
VisualStudioVersion = 17.10.35013.160
MinimumVisualStudioVersion = 10.0.40219.1
Project("{FAE04EC0-301F-11D3-BF4B-00C04F79EFBC}") = "Задание 1", "Задание 1\Задание 1.csproj", "{AC622B22-C489-4698-93C4-64CD325E2D27}"
EndProject
Global
	GlobalSection(SolutionConfigurationPlatforms) = preSolution
		Debug|Any CPU = Debug|Any CPU
		Release|Any CPU = Release|Any CPU
	EndGlobalSection
	GlobalSection(ProjectConfigurationPlatforms) = postSolution
		{AC622B22-C489-4698-93C4-64CD325E2D27}.Debug|Any CPU.ActiveCfg = Debug|Any CPU
		{AC622B22-C489-4698-93C4-64CD325E2D27}.Debug|Any CPU.Build.0 = Debug|Any CPU
		{AC622B22-C489-4698-93C4-64CD325E2D27}.Release|Any CPU.ActiveCfg = Release|Any CPU
		{AC622B22-C489-4698-93C4-64CD325E2D27}.Release|Any CPU.Build.0 = Release|Any CPU
	EndGlobalSection
	GlobalSection(SolutionProperties) = preSolution
		HideSolutionNode = FALSE
	EndGlobalSection
	GlobalSection(ExtensibilityGlobals) = postSolution
		SolutionGuid = {8C103CB9-DC23-401F-8B9B-C94BEE812D92}
	EndGlobalSection
EndGlobal
