
Microsoft Visual Studio Solution File, Format Version 12.00
# Visual Studio Version 17
VisualStudioVersion = 17.10.35013.160
MinimumVisualStudioVersion = 10.0.40219.1
Project("{FAE04EC0-301F-11D3-BF4B-00C04F79EFBC}") = "Задание 3", "Задание 3\Задание 3.csproj", "{D8EE46B3-FDD2-4DD5-9D62-E9D3AC2D83E2}"
EndProject
Global
	GlobalSection(SolutionConfigurationPlatforms) = preSolution
		Debug|Any CPU = Debug|Any CPU
		Release|Any CPU = Release|Any CPU
	EndGlobalSection
	GlobalSection(ProjectConfigurationPlatforms) = postSolution
		{D8EE46B3-FDD2-4DD5-9D62-E9D3AC2D83E2}.Debug|Any CPU.ActiveCfg = Debug|Any CPU
		{D8EE46B3-FDD2-4DD5-9D62-E9D3AC2D83E2}.Debug|Any CPU.Build.0 = Debug|Any CPU
		{D8EE46B3-FDD2-4DD5-9D62-E9D3AC2D83E2}.Release|Any CPU.ActiveCfg = Release|Any CPU
		{D8EE46B3-FDD2-4DD5-9D62-E9D3AC2D83E2}.Release|Any CPU.Build.0 = Release|Any CPU
	EndGlobalSection
	GlobalSection(SolutionProperties) = preSolution
		HideSolutionNode = FALSE
	EndGlobalSection
	GlobalSection(ExtensibilityGlobals) = postSolution
		SolutionGuid = {060B0AAA-01B6-40CF-B3B5-E333F1D2B796}
	EndGlobalSection
EndGlobal
