
Microsoft Visual Studio Solution File, Format Version 12.00
# Visual Studio Version 17
VisualStudioVersion = 17.14.36616.10 d17.14
MinimumVisualStudioVersion = 10.0.40219.1
Project("{FAE04EC0-301F-11D3-BF4B-00C04F79EFBC}") = "Задание 5", "Задание 5\Задание 5.csproj", "{5066BBA1-BBE1-431E-BB43-DACDDD21D5AD}"
EndProject
Global
	GlobalSection(SolutionConfigurationPlatforms) = preSolution
		Debug|Any CPU = Debug|Any CPU
		Release|Any CPU = Release|Any CPU
	EndGlobalSection
	GlobalSection(ProjectConfigurationPlatforms) = postSolution
		{5066BBA1-BBE1-431E-BB43-DACDDD21D5AD}.Debug|Any CPU.ActiveCfg = Debug|Any CPU
		{5066BBA1-BBE1-431E-BB43-DACDDD21D5AD}.Debug|Any CPU.Build.0 = Debug|Any CPU
		{5066BBA1-BBE1-431E-BB43-DACDDD21D5AD}.Release|Any CPU.ActiveCfg = Release|Any CPU
		{5066BBA1-BBE1-431E-BB43-DACDDD21D5AD}.Release|Any CPU.Build.0 = Release|Any CPU
	EndGlobalSection
	GlobalSection(SolutionProperties) = preSolution
		HideSolutionNode = FALSE
	EndGlobalSection
	GlobalSection(ExtensibilityGlobals) = postSolution
		SolutionGuid = {BE521F97-BA98-4D70-957C-FB5EC0490BE9}
	EndGlobalSection
EndGlobal
