
Microsoft Visual Studio Solution File, Format Version 12.00
# Visual Studio Version 17
VisualStudioVersion = 17.10.35013.160
MinimumVisualStudioVersion = 10.0.40219.1
Project("{FAE04EC0-301F-11D3-BF4B-00C04F79EFBC}") = "Задание 4", "Задание 4\Задание 4.csproj", "{18E7E118-5F51-44ED-8834-A9F81B0E4800}"
EndProject
Global
	GlobalSection(SolutionConfigurationPlatforms) = preSolution
		Debug|Any CPU = Debug|Any CPU
		Release|Any CPU = Release|Any CPU
	EndGlobalSection
	GlobalSection(ProjectConfigurationPlatforms) = postSolution
		{18E7E118-5F51-44ED-8834-A9F81B0E4800}.Debug|Any CPU.ActiveCfg = Debug|Any CPU
		{18E7E118-5F51-44ED-8834-A9F81B0E4800}.Debug|Any CPU.Build.0 = Debug|Any CPU
		{18E7E118-5F51-44ED-8834-A9F81B0E4800}.Release|Any CPU.ActiveCfg = Release|Any CPU
		{18E7E118-5F51-44ED-8834-A9F81B0E4800}.Release|Any CPU.Build.0 = Release|Any CPU
	EndGlobalSection
	GlobalSection(SolutionProperties) = preSolution
		HideSolutionNode = FALSE
	EndGlobalSection
	GlobalSection(ExtensibilityGlobals) = postSolution
		SolutionGuid = {5CBD0942-1330-489D-97F0-21CB9574F8CB}
	EndGlobalSection
EndGlobal
