
Microsoft Visual Studio Solution File, Format Version 12.00
# Visual Studio Version 17
VisualStudioVersion = 17.10.35013.160
MinimumVisualStudioVersion = 10.0.40219.1
Project("{FAE04EC0-301F-11D3-BF4B-00C04F79EFBC}") = "Задание 2", "Задание 2\Задание 2.csproj", "{09A0C8C4-2CF3-40E0-AEF4-D2432C1A2366}"
EndProject
Global
	GlobalSection(SolutionConfigurationPlatforms) = preSolution
		Debug|Any CPU = Debug|Any CPU
		Release|Any CPU = Release|Any CPU
	EndGlobalSection
	GlobalSection(ProjectConfigurationPlatforms) = postSolution
		{09A0C8C4-2CF3-40E0-AEF4-D2432C1A2366}.Debug|Any CPU.ActiveCfg = Debug|Any CPU
		{09A0C8C4-2CF3-40E0-AEF4-D2432C1A2366}.Debug|Any CPU.Build.0 = Debug|Any CPU
		{09A0C8C4-2CF3-40E0-AEF4-D2432C1A2366}.Release|Any CPU.ActiveCfg = Release|Any CPU
		{09A0C8C4-2CF3-40E0-AEF4-D2432C1A2366}.Release|Any CPU.Build.0 = Release|Any CPU
	EndGlobalSection
	GlobalSection(SolutionProperties) = preSolution
		HideSolutionNode = FALSE
	EndGlobalSection
	GlobalSection(ExtensibilityGlobals) = postSolution
		SolutionGuid = {71583154-D911-451D-9622-A30E32882925}
	EndGlobalSection
EndGlobal
